# THIS IS AN AUTOGENERATED FILE. DO NOT EDIT THIS FILE DIRECTLY.
# yarn lockfile v1


"@babel/runtime@^7.10.0", "@babel/runtime@^7.15.4":
  version "7.20.13"
  resolved "https://registry.yarnpkg.com/@babel/runtime/-/runtime-7.20.13.tgz#7055ab8a7cff2b8f6058bf6ae45ff84ad2aded4b"
  integrity sha512-gt3PKXs0DBoL9xCvOIIZ2NEqAGZqHjAnmVbfQtB620V0uReIQutpel14KcneZuer7UioY8ALKZ7iocavvzTNFA==
  dependencies:
    regenerator-runtime "^0.13.11"

final-form@^4.20.9:
  version "4.20.9"
  resolved "https://registry.yarnpkg.com/final-form/-/final-form-4.20.9.tgz#647b459f8c504d77ec8f6e280015ab172982af2f"
  integrity sha512-shA1X/7v8RmukWMNRHx0l7+Bm41hOivY78IvOiBrPVHjyWFIyqqIEMCz7yTVRc9Ea+EU4WkZ5r4MH6whSo5taw==
  dependencies:
    "@babel/runtime" "^7.10.0"

react-final-form@^6.5.9:
  version "6.5.9"
  resolved "https://registry.yarnpkg.com/react-final-form/-/react-final-form-6.5.9.tgz#644797d4c122801b37b58a76c87761547411190b"
  integrity sha512-x3XYvozolECp3nIjly+4QqxdjSSWfcnpGEL5K8OBT6xmGrq5kBqbA6+/tOqoom9NwqIPPbxPNsOViFlbKgowbA==
  dependencies:
    "@babel/runtime" "^7.15.4"

regenerator-runtime@^0.13.11:
  version "0.13.11"
  resolved "https://registry.yarnpkg.com/regenerator-runtime/-/regenerator-runtime-0.13.11.tgz#f6dca3e7ceec20590d07ada785636a90cdca17f9"
  integrity sha512-kY1AZVr2Ra+t+piVaJ4gxaFaReZVH40AKNo7UCX6W+dEwBo/2oZJzqfuN1qLq1oL45o56cPaTXELwrTh8Fpggg==
